<?xml version="1.0" encoding="utf-8"?>
<Project ToolsVersion="4.0" xmlns="http://schemas.microsoft.com/developer/msbuild/2003">
  <ItemGroup>
    <Filter Include="Source Files">
      <UniqueIdentifier>{4FC737F1-C7A5-4376-A066-2A32D752A2FF}</UniqueIdentifier>
      <Extensions>cpp;c;cc;cxx;def;odl;idl;hpj;bat;asm;asmx</Extensions>
    </Filter>
    <Filter Include="Header Files">
      <UniqueIdentifier>{93995380-89BD-4b04-88EB-625FBE52EBFB}</UniqueIdentifier>
      <Extensions>h;hh;hpp;hxx;hm;inl;inc;xsd</Extensions>
    </Filter>
    <Filter Include="Resource Files">
      <UniqueIdentifier>{67DA6AB6-F800-4c08-8B7A-83BB121AAD01}</UniqueIdentifier>
      <Extensions>rc;ico;cur;bmp;dlg;rc2;rct;bin;rgs;gif;jpg;jpeg;jpe;resx;tiff;tif;png;wav;mfcribbon-ms</Extensions>
    </Filter>
    <Filter Include="Header Files\Math">
      <UniqueIdentifier>{713b7fae-5b20-4377-89d9-86021bbf7981}</UniqueIdentifier>
    </Filter>
    <Filter Include="Header Files\System">
      <UniqueIdentifier>{9d8dfec9-12a3-4132-90c2-c71beeafbab7}</UniqueIdentifier>
    </Filter>
    <Filter Include="Source Files\Math">
      <UniqueIdentifier>{3c82fda0-05ed-4c12-be84-92e00b2062b7}</UniqueIdentifier>
    </Filter>
    <Filter Include="Source Files\System">
      <UniqueIdentifier>{8239fc5e-97fd-47f0-8598-6ba95a960a40}</UniqueIdentifier>
    </Filter>
    <Filter Include="Header Files\Advanced">
      <UniqueIdentifier>{b2ba4e59-993b-4093-9fd6-46517a03fff9}</UniqueIdentifier>
    </Filter>
    <Filter Include="Header Files\Advanced\impl">
      <UniqueIdentifier>{32700ddc-b749-4df0-977a-3e7f2710b163}</UniqueIdentifier>
    </Filter>
  </ItemGroup>
  <ItemGroup>
    <ClCompile Include="src\SmartPointer.cpp">
      <Filter>Source Files</Filter>
    </ClCompile>
    <ClCompile Include="src\Math\Utilities.cpp">
      <Filter>Source Files\Math</Filter>
    </ClCompile>
    <ClCompile Include="src\System\Utilities.cpp">
      <Filter>Source Files\System</Filter>
    </ClCompile>
    <ClCompile Include="src\StringUtilities.cpp">
      <Filter>Source Files</Filter>
    </ClCompile>
    <ClCompile Include="src\System\Clipboard.cpp">
      <Filter>Source Files\System</Filter>
    </ClCompile>
    <ClCompile Include="src\System\Event.cpp">
      <Filter>Source Files\System</Filter>
    </ClCompile>
    <ClCompile Include="src\Tri.cpp">
      <Filter>Source Files</Filter>
    </ClCompile>
    <ClCompile Include="src\System\Power.cpp">
      <Filter>Source Files</Filter>
    </ClCompile>
  </ItemGroup>
  <ItemGroup>
    <ClInclude Include="include\Jargon\Null.h">
      <Filter>Header Files</Filter>
    </ClInclude>
    <ClInclude Include="include\Jargon\ScopedPointer.h">
      <Filter>Header Files</Filter>
    </ClInclude>
    <ClInclude Include="include\Jargon\SmartPointer.h">
      <Filter>Header Files</Filter>
    </ClInclude>
    <ClInclude Include="include\Jargon\Math\LinearFunction.h">
      <Filter>Header Files\Math</Filter>
    </ClInclude>
    <ClInclude Include="include\Jargon\Math\Utilities.h">
      <Filter>Header Files\Math</Filter>
    </ClInclude>
    <ClInclude Include="include\Jargon\System\Utilities.h">
      <Filter>Header Files\System</Filter>
    </ClInclude>
    <ClInclude Include="include\Jargon\System\WindowsDefines.h">
      <Filter>Header Files\System</Filter>
    </ClInclude>
    <ClInclude Include="include\Jargon\IteratorRange.h">
      <Filter>Header Files</Filter>
    </ClInclude>
    <ClInclude Include="include\Jargon\ProviderObject.h">
      <Filter>Header Files</Filter>
    </ClInclude>
    <ClInclude Include="include\Jargon\Functional.h">
      <Filter>Header Files</Filter>
    </ClInclude>
    <ClInclude Include="include\Jargon\StlUtilities.h">
      <Filter>Header Files</Filter>
    </ClInclude>
    <ClInclude Include="include\Jargon\Advanced\TaskQueue.h">
      <Filter>Header Files\Advanced</Filter>
    </ClInclude>
    <ClInclude Include="include\Jargon\Advanced\impl\PocoTaskQueue.h">
      <Filter>Header Files\Advanced\impl</Filter>
    </ClInclude>
    <ClInclude Include="include\Jargon\Macros.h">
      <Filter>Header Files</Filter>
    </ClInclude>
    <ClInclude Include="include\Jargon\Advanced\Task.h">
      <Filter>Header Files\Advanced</Filter>
    </ClInclude>
    <ClInclude Include="include\Jargon\System\WindowsMemoryLeakHelpers.h">
      <Filter>Header Files\System</Filter>
    </ClInclude>
    <ClInclude Include="include\Jargon\Advanced\CollectingMutex.h">
      <Filter>Header Files\Advanced</Filter>
    </ClInclude>
    <ClInclude Include="include\Jargon\StringUtilities.h">
      <Filter>Header Files</Filter>
    </ClInclude>
    <ClInclude Include="include\Jargon\Stopwatch.h">
      <Filter>Header Files</Filter>
    </ClInclude>
    <ClInclude Include="include\Jargon\System\Event.h">
      <Filter>Header Files\System</Filter>
    </ClInclude>
    <ClInclude Include="include\Jargon\System\Clipboard.h">
      <Filter>Header Files\System</Filter>
    </ClInclude>
    <ClInclude Include="include\Jargon\System\Power.h">
      <Filter>Header Files\System</Filter>
    </ClInclude>
    <ClInclude Include="include\Jargon\Tri.h">
      <Filter>Header Files</Filter>
    </ClInclude>
  </ItemGroup>
</Project>